
Microsoft Visual Studio Solution File, Format Version 11.00
# Visual Studio 2010
Project("{FAE04EC0-301F-11D3-BF4B-00C04F79EFBC}") = "Photo Sequencer", "Assembly-CSharp.csproj", "{9FDE0A61-6BED-2485-ED7B-34B73EBD83F9}"
EndProject
Project("{FAE04EC0-301F-11D3-BF4B-00C04F79EFBC}") = "Photo Sequencer", "Assembly-CSharp-Editor.csproj", "{EF948012-D380-E27C-59D2-442ECA8CD6E1}"
EndProject
Global
	GlobalSection(SolutionConfigurationPlatforms) = preSolution
		Debug|Any CPU = Debug|Any CPU
		Release|Any CPU = Release|Any CPU
	EndGlobalSection
	GlobalSection(ProjectConfigurationPlatforms) = postSolution
		{9FDE0A61-6BED-2485-ED7B-34B73EBD83F9}.Debug|Any CPU.ActiveCfg = Debug|Any CPU
		{9FDE0A61-6BED-2485-ED7B-34B73EBD83F9}.Debug|Any CPU.Build.0 = Debug|Any CPU
		{9FDE0A61-6BED-2485-ED7B-34B73EBD83F9}.Release|Any CPU.ActiveCfg = Release|Any CPU
		{9FDE0A61-6BED-2485-ED7B-34B73EBD83F9}.Release|Any CPU.Build.0 = Release|Any CPU
		{EF948012-D380-E27C-59D2-442ECA8CD6E1}.Debug|Any CPU.ActiveCfg = Debug|Any CPU
		{EF948012-D380-E27C-59D2-442ECA8CD6E1}.Debug|Any CPU.Build.0 = Debug|Any CPU
		{EF948012-D380-E27C-59D2-442ECA8CD6E1}.Release|Any CPU.ActiveCfg = Release|Any CPU
		{EF948012-D380-E27C-59D2-442ECA8CD6E1}.Release|Any CPU.Build.0 = Release|Any CPU
	EndGlobalSection
	GlobalSection(SolutionProperties) = preSolution
		HideSolutionNode = FALSE
	EndGlobalSection
	GlobalSection(MonoDevelopProperties) = preSolution
		StartupItem = Assembly-CSharp.csproj
	EndGlobalSection
EndGlobal
